
Microsoft Visual Studio Solution File, Format Version 12.00
# Visual Studio Version 17
VisualStudioVersion = 17.13.35828.75
MinimumVisualStudioVersion = 10.0.40219.1
Project("{FAE04EC0-301F-11D3-BF4B-00C04F79EFBC}") = "Insulin-Converter", "Insulin-Converter\Insulin-Converter.csproj", "{DB70C3EF-C054-4B93-9198-76E4D9ED8EF4}"
EndProject
Global
	GlobalSection(SolutionConfigurationPlatforms) = preSolution
		Debug|Any CPU = Debug|Any CPU
		Release|Any CPU = Release|Any CPU
	EndGlobalSection
	GlobalSection(ProjectConfigurationPlatforms) = postSolution
		{DB70C3EF-C054-4B93-9198-76E4D9ED8EF4}.Debug|Any CPU.ActiveCfg = Debug|Any CPU
		{DB70C3EF-C054-4B93-9198-76E4D9ED8EF4}.Debug|Any CPU.Build.0 = Debug|Any CPU
		{DB70C3EF-C054-4B93-9198-76E4D9ED8EF4}.Debug|Any CPU.Deploy.0 = Debug|Any CPU
		{DB70C3EF-C054-4B93-9198-76E4D9ED8EF4}.Release|Any CPU.ActiveCfg = Release|Any CPU
		{DB70C3EF-C054-4B93-9198-76E4D9ED8EF4}.Release|Any CPU.Build.0 = Release|Any CPU
	EndGlobalSection
	GlobalSection(SolutionProperties) = preSolution
		HideSolutionNode = FALSE
	EndGlobalSection
	GlobalSection(ExtensibilityGlobals) = postSolution
		SolutionGuid = {7AA66658-D284-4AFB-9D02-7DB7CCCB2A21}
	EndGlobalSection
EndGlobal
